
Microsoft Visual Studio Solution File, Format Version 12.00
# Visual Studio Version 17
VisualStudioVersion = 17.5.33516.290
MinimumVisualStudioVersion = 10.0.40219.1
Project("{FAE04EC0-301F-11D3-BF4B-00C04F79EFBC}") = "sosi_backend_.net", "sosi_backend_.net\sosi_backend_.net.csproj", "{ABA228AF-0C0D-4A3F-A393-002AFBFEAD18}"
EndProject
Project("{2150E333-8FDC-42A3-9474-1A3956D46DE8}") = "src", "src", "{B2D1520C-503E-4A09-8E01-92AFFF189054}"
EndProject
Project("{2150E333-8FDC-42A3-9474-1A3956D46DE8}") = "API", "API", "{D75340D3-69B3-4FFA-95DE-3CCC86FD20A0}"
EndProject
Project("{2150E333-8FDC-42A3-9474-1A3956D46DE8}") = "Core", "Core", "{1CAB37D3-AF4A-4BC6-A7B3-E554DFB12261}"
EndProject
Project("{2150E333-8FDC-42A3-9474-1A3956D46DE8}") = "Infrastructure", "Infrastructure", "{128985C6-1B69-4EED-B690-59A4E958CA69}"
EndProject
Project("{FAE04EC0-301F-11D3-BF4B-00C04F79EFBC}") = "Contracts", "Contracts\Contracts.csproj", "{D9E71CDA-5EA0-43B4-8505-1217C18D24F9}"
EndProject
Project("{FAE04EC0-301F-11D3-BF4B-00C04F79EFBC}") = "Domain", "Domain\Domain.csproj", "{44819F14-AEAB-40DC-855F-D8D3FCD8A02A}"
EndProject
Project("{FAE04EC0-301F-11D3-BF4B-00C04F79EFBC}") = "Engine", "Engine\Engine.csproj", "{8FB32660-5D7A-4B2F-9365-A89EEEF55528}"
EndProject
Project("{FAE04EC0-301F-11D3-BF4B-00C04F79EFBC}") = "SecurityLibrary", "SecurityLibrary\SecurityLibrary.csproj", "{93BA7AFF-B50B-4579-93CC-21F1A5FCEE3A}"
EndProject
Project("{FAE04EC0-301F-11D3-BF4B-00C04F79EFBC}") = "Services", "Services\Services.csproj", "{44CB1B2B-15CD-4C40-B063-E3071F6E0E50}"
EndProject
Project("{FAE04EC0-301F-11D3-BF4B-00C04F79EFBC}") = "Services.Abstractions", "Services.Abstractions\Services.Abstractions.csproj", "{7EE68463-60B4-4D4C-A0C7-66778F821A5E}"
EndProject
Project("{FAE04EC0-301F-11D3-BF4B-00C04F79EFBC}") = "Logger", "Logger\Logger.csproj", "{4E274EC3-41EC-4933-A719-3407B146EB6A}"
EndProject
Project("{FAE04EC0-301F-11D3-BF4B-00C04F79EFBC}") = "Persistence", "Persistence\Persistence.csproj", "{6103A1CF-425B-47E8-92C8-CEC423B4519E}"
EndProject
Global
	GlobalSection(SolutionConfigurationPlatforms) = preSolution
		Debug|Any CPU = Debug|Any CPU
		Release|Any CPU = Release|Any CPU
	EndGlobalSection
	GlobalSection(ProjectConfigurationPlatforms) = postSolution
		{ABA228AF-0C0D-4A3F-A393-002AFBFEAD18}.Debug|Any CPU.ActiveCfg = Debug|Any CPU
		{ABA228AF-0C0D-4A3F-A393-002AFBFEAD18}.Debug|Any CPU.Build.0 = Debug|Any CPU
		{ABA228AF-0C0D-4A3F-A393-002AFBFEAD18}.Release|Any CPU.ActiveCfg = Release|Any CPU
		{ABA228AF-0C0D-4A3F-A393-002AFBFEAD18}.Release|Any CPU.Build.0 = Release|Any CPU
		{D9E71CDA-5EA0-43B4-8505-1217C18D24F9}.Debug|Any CPU.ActiveCfg = Debug|Any CPU
		{D9E71CDA-5EA0-43B4-8505-1217C18D24F9}.Debug|Any CPU.Build.0 = Debug|Any CPU
		{D9E71CDA-5EA0-43B4-8505-1217C18D24F9}.Release|Any CPU.ActiveCfg = Release|Any CPU
		{D9E71CDA-5EA0-43B4-8505-1217C18D24F9}.Release|Any CPU.Build.0 = Release|Any CPU
		{44819F14-AEAB-40DC-855F-D8D3FCD8A02A}.Debug|Any CPU.ActiveCfg = Debug|Any CPU
		{44819F14-AEAB-40DC-855F-D8D3FCD8A02A}.Debug|Any CPU.Build.0 = Debug|Any CPU
		{44819F14-AEAB-40DC-855F-D8D3FCD8A02A}.Release|Any CPU.ActiveCfg = Release|Any CPU
		{44819F14-AEAB-40DC-855F-D8D3FCD8A02A}.Release|Any CPU.Build.0 = Release|Any CPU
		{8FB32660-5D7A-4B2F-9365-A89EEEF55528}.Debug|Any CPU.ActiveCfg = Debug|Any CPU
		{8FB32660-5D7A-4B2F-9365-A89EEEF55528}.Debug|Any CPU.Build.0 = Debug|Any CPU
		{8FB32660-5D7A-4B2F-9365-A89EEEF55528}.Release|Any CPU.ActiveCfg = Release|Any CPU
		{8FB32660-5D7A-4B2F-9365-A89EEEF55528}.Release|Any CPU.Build.0 = Release|Any CPU
		{93BA7AFF-B50B-4579-93CC-21F1A5FCEE3A}.Debug|Any CPU.ActiveCfg = Debug|Any CPU
		{93BA7AFF-B50B-4579-93CC-21F1A5FCEE3A}.Debug|Any CPU.Build.0 = Debug|Any CPU
		{93BA7AFF-B50B-4579-93CC-21F1A5FCEE3A}.Release|Any CPU.ActiveCfg = Release|Any CPU
		{93BA7AFF-B50B-4579-93CC-21F1A5FCEE3A}.Release|Any CPU.Build.0 = Release|Any CPU
		{44CB1B2B-15CD-4C40-B063-E3071F6E0E50}.Debug|Any CPU.ActiveCfg = Debug|Any CPU
		{44CB1B2B-15CD-4C40-B063-E3071F6E0E50}.Debug|Any CPU.Build.0 = Debug|Any CPU
		{44CB1B2B-15CD-4C40-B063-E3071F6E0E50}.Release|Any CPU.ActiveCfg = Release|Any CPU
		{44CB1B2B-15CD-4C40-B063-E3071F6E0E50}.Release|Any CPU.Build.0 = Release|Any CPU
		{7EE68463-60B4-4D4C-A0C7-66778F821A5E}.Debug|Any CPU.ActiveCfg = Debug|Any CPU
		{7EE68463-60B4-4D4C-A0C7-66778F821A5E}.Debug|Any CPU.Build.0 = Debug|Any CPU
		{7EE68463-60B4-4D4C-A0C7-66778F821A5E}.Release|Any CPU.ActiveCfg = Release|Any CPU
		{7EE68463-60B4-4D4C-A0C7-66778F821A5E}.Release|Any CPU.Build.0 = Release|Any CPU
		{4E274EC3-41EC-4933-A719-3407B146EB6A}.Debug|Any CPU.ActiveCfg = Debug|Any CPU
		{4E274EC3-41EC-4933-A719-3407B146EB6A}.Debug|Any CPU.Build.0 = Debug|Any CPU
		{4E274EC3-41EC-4933-A719-3407B146EB6A}.Release|Any CPU.ActiveCfg = Release|Any CPU
		{4E274EC3-41EC-4933-A719-3407B146EB6A}.Release|Any CPU.Build.0 = Release|Any CPU
		{6103A1CF-425B-47E8-92C8-CEC423B4519E}.Debug|Any CPU.ActiveCfg = Debug|Any CPU
		{6103A1CF-425B-47E8-92C8-CEC423B4519E}.Debug|Any CPU.Build.0 = Debug|Any CPU
		{6103A1CF-425B-47E8-92C8-CEC423B4519E}.Release|Any CPU.ActiveCfg = Release|Any CPU
		{6103A1CF-425B-47E8-92C8-CEC423B4519E}.Release|Any CPU.Build.0 = Release|Any CPU
	EndGlobalSection
	GlobalSection(SolutionProperties) = preSolution
		HideSolutionNode = FALSE
	EndGlobalSection
	GlobalSection(NestedProjects) = preSolution
		{ABA228AF-0C0D-4A3F-A393-002AFBFEAD18} = {D75340D3-69B3-4FFA-95DE-3CCC86FD20A0}
		{D75340D3-69B3-4FFA-95DE-3CCC86FD20A0} = {B2D1520C-503E-4A09-8E01-92AFFF189054}
		{1CAB37D3-AF4A-4BC6-A7B3-E554DFB12261} = {B2D1520C-503E-4A09-8E01-92AFFF189054}
		{128985C6-1B69-4EED-B690-59A4E958CA69} = {B2D1520C-503E-4A09-8E01-92AFFF189054}
		{D9E71CDA-5EA0-43B4-8505-1217C18D24F9} = {1CAB37D3-AF4A-4BC6-A7B3-E554DFB12261}
		{44819F14-AEAB-40DC-855F-D8D3FCD8A02A} = {1CAB37D3-AF4A-4BC6-A7B3-E554DFB12261}
		{8FB32660-5D7A-4B2F-9365-A89EEEF55528} = {1CAB37D3-AF4A-4BC6-A7B3-E554DFB12261}
		{93BA7AFF-B50B-4579-93CC-21F1A5FCEE3A} = {1CAB37D3-AF4A-4BC6-A7B3-E554DFB12261}
		{44CB1B2B-15CD-4C40-B063-E3071F6E0E50} = {1CAB37D3-AF4A-4BC6-A7B3-E554DFB12261}
		{7EE68463-60B4-4D4C-A0C7-66778F821A5E} = {1CAB37D3-AF4A-4BC6-A7B3-E554DFB12261}
		{4E274EC3-41EC-4933-A719-3407B146EB6A} = {128985C6-1B69-4EED-B690-59A4E958CA69}
		{6103A1CF-425B-47E8-92C8-CEC423B4519E} = {128985C6-1B69-4EED-B690-59A4E958CA69}
	EndGlobalSection
	GlobalSection(ExtensibilityGlobals) = postSolution
		SolutionGuid = {33198868-4DD0-4859-95B0-FD6EF1B3A657}
	EndGlobalSection
EndGlobal
